{
  "name": "athena-mcp-server",
  "version": "1.0.0",
  "lockfileVersion": 3,
  "requires": true,
  "packages": {
    "": {
      "name": "athena-mcp-server",
      "version": "1.0.0",
      "dependencies": {
        "@modelcontextprotocol/client": "^2.0.0",
        "@modelcontextprotocol/sdk": "^1.30.0",
        "@modelcontextprotocol/server": "^2.0.0",
        "agents": "^0.23.0",
        "zod": "^3.24.0"
      },
      "devDependencies": {
        "@cloudflare/workers-types": "^4.0.0",
        "@types/node": "^22.0.0",
        "typescript": "^5.0.0",
        "wrangler": "^4.0.0"
      }
    }
  }
}
